
Microsoft Visual Studio Solution File, Format Version 12.00
# Visual Studio Version 17
VisualStudioVersion = 17.1.32228.430
MinimumVisualStudioVersion = 10.0.40219.1
Project("{FAE04EC0-301F-11D3-BF4B-00C04F79EFBC}") = "angular_project", "angular_project\angular_project.csproj", "{526A35A8-55E9-42E1-AB21-D84125327377}"
EndProject
Global
	GlobalSection(SolutionConfigurationPlatforms) = preSolution
		Debug|Any CPU = Debug|Any CPU
		Release|Any CPU = Release|Any CPU
	EndGlobalSection
	GlobalSection(ProjectConfigurationPlatforms) = postSolution
		{526A35A8-55E9-42E1-AB21-D84125327377}.Debug|Any CPU.ActiveCfg = Debug|Any CPU
		{526A35A8-55E9-42E1-AB21-D84125327377}.Debug|Any CPU.Build.0 = Debug|Any CPU
		{526A35A8-55E9-42E1-AB21-D84125327377}.Release|Any CPU.ActiveCfg = Release|Any CPU
		{526A35A8-55E9-42E1-AB21-D84125327377}.Release|Any CPU.Build.0 = Release|Any CPU
	EndGlobalSection
	GlobalSection(SolutionProperties) = preSolution
		HideSolutionNode = FALSE
	EndGlobalSection
	GlobalSection(ExtensibilityGlobals) = postSolution
		SolutionGuid = {E34E55C2-6B74-4A7F-9233-88F23EB5A9EF}
	EndGlobalSection
EndGlobal
